
Microsoft Visual Studio Solution File, Format Version 12.00
# Visual Studio Version 16
VisualStudioVersion = 16.0.32228.343
MinimumVisualStudioVersion = 10.0.40219.1
Project("{FAE04EC0-301F-11D3-BF4B-00C04F79EFBC}") = "GeometryLibrary", "GeometryLibrary\GeometryLibrary.csproj", "{DBC819D8-4C66-4536-A70D-B0338B734E5D}"
EndProject
Project("{FAE04EC0-301F-11D3-BF4B-00C04F79EFBC}") = "GeometryLibraryTests", "GeometryLibraryTests\GeometryLibraryTests.csproj", "{92EFAFAD-A854-4D82-AF22-16958643B85F}"
EndProject
Global
	GlobalSection(SolutionConfigurationPlatforms) = preSolution
		Debug|Any CPU = Debug|Any CPU
		Release|Any CPU = Release|Any CPU
	EndGlobalSection
	GlobalSection(ProjectConfigurationPlatforms) = postSolution
		{DBC819D8-4C66-4536-A70D-B0338B734E5D}.Debug|Any CPU.ActiveCfg = Debug|Any CPU
		{DBC819D8-4C66-4536-A70D-B0338B734E5D}.Debug|Any CPU.Build.0 = Debug|Any CPU
		{DBC819D8-4C66-4536-A70D-B0338B734E5D}.Release|Any CPU.ActiveCfg = Release|Any CPU
		{DBC819D8-4C66-4536-A70D-B0338B734E5D}.Release|Any CPU.Build.0 = Release|Any CPU
		{92EFAFAD-A854-4D82-AF22-16958643B85F}.Debug|Any CPU.ActiveCfg = Debug|Any CPU
		{92EFAFAD-A854-4D82-AF22-16958643B85F}.Debug|Any CPU.Build.0 = Debug|Any CPU
		{92EFAFAD-A854-4D82-AF22-16958643B85F}.Release|Any CPU.ActiveCfg = Release|Any CPU
		{92EFAFAD-A854-4D82-AF22-16958643B85F}.Release|Any CPU.Build.0 = Release|Any CPU
	EndGlobalSection
	GlobalSection(SolutionProperties) = preSolution
		HideSolutionNode = FALSE
	EndGlobalSection
	GlobalSection(ExtensibilityGlobals) = postSolution
		SolutionGuid = {9494CA2C-AB19-4C68-941D-E1C0F4BDB06F}
	EndGlobalSection
EndGlobal
